
Microsoft Visual Studio Solution File, Format Version 12.00
# Visual Studio Version 17
VisualStudioVersion = 17.9.34723.18
MinimumVisualStudioVersion = 10.0.40219.1
Project("{9A19103F-16F7-4668-BE54-9A1E7A4F7556}") = "ServiceBricks", "src\V1\ServiceBricks\ServiceBricks.csproj", "{2DD315A7-8B05-41CD-91AE-C786FB8C3374}"
EndProject
Project("{9A19103F-16F7-4668-BE54-9A1E7A4F7556}") = "ServiceBricks.ServiceBus.Azure", "src\V1\ServiceBricks.ServiceBus.Azure\ServiceBricks.ServiceBus.Azure.csproj", "{D456FD1A-52D4-4C63-B9E0-11D2BF41548B}"
EndProject
Project("{9A19103F-16F7-4668-BE54-9A1E7A4F7556}") = "ServiceBricks.Storage.EntityFrameworkCore", "src\V1\ServiceBricks.Storage.EntityFrameworkCore\ServiceBricks.Storage.EntityFrameworkCore.csproj", "{E05B8059-737B-4EEB-8BE6-350E0B837B30}"
EndProject
Project("{9A19103F-16F7-4668-BE54-9A1E7A4F7556}") = "ServiceBricks.Storage.MongoDb", "src\V1\ServiceBricks.Storage.MongoDb\ServiceBricks.Storage.MongoDb.csproj", "{BA2C1BF4-A6DF-4D3D-8A75-02B74467533D}"
EndProject
Project("{2150E333-8FDC-42A3-9474-1A3956D46DE8}") = "Tests", "Tests", "{FF4C73CB-BBF3-4844-A0A3-D1D921F8AF70}"
EndProject
Project("{2150E333-8FDC-42A3-9474-1A3956D46DE8}") = "Net6", "Net6", "{6F40662B-3420-4C44-94B5-87978BD36255}"
EndProject
Project("{2150E333-8FDC-42A3-9474-1A3956D46DE8}") = "Net7", "Net7", "{36BD8020-E0DB-4B2C-9B4B-CE1369BAD117}"
EndProject
Project("{2150E333-8FDC-42A3-9474-1A3956D46DE8}") = "Net8", "Net8", "{5E6E3BC9-D83A-4420-BE27-11809AE781E0}"
EndProject
Project("{9A19103F-16F7-4668-BE54-9A1E7A4F7556}") = "ServiceBricks.Client.XunitNet6", "src\V1\Tests\ServiceBricks.Client.XunitNet6\ServiceBricks.Client.XunitNet6.csproj", "{861A078E-5F64-48D5-97F1-104E5311B2F7}"
EndProject
Project("{9A19103F-16F7-4668-BE54-9A1E7A4F7556}") = "ServiceBricks.Storage.EntityFrameworkCore.XunitNet6", "src\V1\Tests\ServiceBricks.Storage.EntityFrameworkCore.XunitNet6\ServiceBricks.Storage.EntityFrameworkCore.XunitNet6.csproj", "{91B95909-99E8-4285-B8F1-D35ECF1DE38B}"
EndProject
Project("{9A19103F-16F7-4668-BE54-9A1E7A4F7556}") = "ServiceBricks.Client.XunitNet7", "src\V1\Tests\ServiceBricks.Client.XunitNet7\ServiceBricks.Client.XunitNet7.csproj", "{DA95B00B-D98D-46E5-8DEF-56E49137FD1D}"
EndProject
Project("{9A19103F-16F7-4668-BE54-9A1E7A4F7556}") = "ServiceBricks.Storage.EntityFrameworkCore.XunitNet7", "src\V1\Tests\ServiceBricks.Storage.EntityFrameworkCore.XunitNet7\ServiceBricks.Storage.EntityFrameworkCore.XunitNet7.csproj", "{E848B838-2CE2-4D7D-84BD-E4763B5FAA5F}"
EndProject
Project("{9A19103F-16F7-4668-BE54-9A1E7A4F7556}") = "ServiceBricks.XunitNet7", "src\V1\Tests\ServiceBricks.XunitNet7\ServiceBricks.XunitNet7.csproj", "{02E483AB-AF79-41BC-84D3-E721C1977291}"
EndProject
Project("{9A19103F-16F7-4668-BE54-9A1E7A4F7556}") = "WebAppNet6", "src\V1\Tests\WebAppNet6\WebAppNet6.csproj", "{950BD94F-97EA-48F2-89DD-BD96C3DE0BCC}"
EndProject
Project("{9A19103F-16F7-4668-BE54-9A1E7A4F7556}") = "WebAppNet7", "src\V1\Tests\WebAppNet7\WebAppNet7.csproj", "{5BAE3EC1-58B1-448B-9AF6-5A3F897A9E92}"
EndProject
Project("{9A19103F-16F7-4668-BE54-9A1E7A4F7556}") = "ServiceBricks.Client.XunitNet8", "src\V1\Tests\ServiceBricks.Client.XunitNet8\ServiceBricks.Client.XunitNet8.csproj", "{FBF6AEA6-F247-4C4B-9D17-FE4474640B34}"
EndProject
Project("{9A19103F-16F7-4668-BE54-9A1E7A4F7556}") = "ServiceBricks.Storage.EntityFrameworkCore.XunitNet8", "src\V1\Tests\ServiceBricks.Storage.EntityFrameworkCore.XunitNet8\ServiceBricks.Storage.EntityFrameworkCore.XunitNet8.csproj", "{66207ACA-3238-41CC-AEBE-5353325BBB3B}"
EndProject
Project("{9A19103F-16F7-4668-BE54-9A1E7A4F7556}") = "ServiceBricks.XunitNet8", "src\V1\Tests\ServiceBricks.XunitNet8\ServiceBricks.XunitNet8.csproj", "{AC420E61-2CC6-463D-AFA6-7794FB6DF3C1}"
EndProject
Project("{9A19103F-16F7-4668-BE54-9A1E7A4F7556}") = "WebAppNet8", "src\V1\Tests\WebAppNet8\WebAppNet8.csproj", "{A862E23F-3EFB-4560-B3E3-E1D5B410B7F8}"
EndProject
Project("{9A19103F-16F7-4668-BE54-9A1E7A4F7556}") = "ServiceBricks.Xunit", "src\V1\ServiceBricks.Xunit\ServiceBricks.Xunit.csproj", "{2EF05007-A168-4974-BB06-6AC842E7D2BC}"
EndProject
Project("{9A19103F-16F7-4668-BE54-9A1E7A4F7556}") = "ServiceBricks.Storage.AzureDataTables", "src\V1\ServiceBricks.Storage.AzureDataTables\ServiceBricks.Storage.AzureDataTables.csproj", "{1EEC2A6F-6264-47A7-80EA-C2FF49500080}"
EndProject
Project("{9A19103F-16F7-4668-BE54-9A1E7A4F7556}") = "ServiceBricks.XunitNet6", "src\V1\Tests\ServiceBricks.XunitNet6\ServiceBricks.XunitNet6.csproj", "{FF759E2A-E8BE-45DC-8AB1-018C2E21F426}"
EndProject
Project("{9A19103F-16F7-4668-BE54-9A1E7A4F7556}") = "ServiceBricks.Storage.InMemory", "src\V1\ServiceBricks.Storage.InMemory\ServiceBricks.Storage.InMemory.csproj", "{4B6D74CB-0F36-48A1-9CF7-ECED0D8B6C53}"
EndProject
Project("{9A19103F-16F7-4668-BE54-9A1E7A4F7556}") = "ServiceBricks.Storage.Cosmos", "src\V1\ServiceBricks.Storage.Cosmos\ServiceBricks.Storage.Cosmos.csproj", "{332D6DC1-7186-485A-9A19-F85815535174}"
EndProject
Project("{9A19103F-16F7-4668-BE54-9A1E7A4F7556}") = "ServiceBricks.Storage.Postgres", "src\V1\ServiceBricks.Storage.Postgres\ServiceBricks.Storage.Postgres.csproj", "{F82666D7-2A50-4928-B84C-75B9B5646B02}"
EndProject
Project("{9A19103F-16F7-4668-BE54-9A1E7A4F7556}") = "ServiceBricks.Storage.Sqlite", "src\V1\ServiceBricks.Storage.Sqlite\ServiceBricks.Storage.Sqlite.csproj", "{20B6EC6A-A0F6-40DE-AC73-C248B43B739F}"
EndProject
Project("{9A19103F-16F7-4668-BE54-9A1E7A4F7556}") = "ServiceBricks.Storage.SqlServer", "src\V1\ServiceBricks.Storage.SqlServer\ServiceBricks.Storage.SqlServer.csproj", "{B42D62E7-43FA-46A5-A262-6FAA33B4675E}"
EndProject
Project("{9A19103F-16F7-4668-BE54-9A1E7A4F7556}") = "ServiceBricks.Core", "src\V1\ServiceBricks.Core\ServiceBricks.Core.csproj", "{C24F11CF-B01E-4FDD-AA6E-ECF092519C4A}"
EndProject
Project("{FAE04EC0-301F-11D3-BF4B-00C04F79EFBC}") = "ServiceBricks.Xunit.Debug", "src\V1\ServiceBricks.Xunit.Debug\ServiceBricks.Xunit.Debug.csproj", "{D54C0AAB-0D7A-49DF-A4D3-242535F7624D}"
EndProject
Global
	GlobalSection(SolutionConfigurationPlatforms) = preSolution
		Debug|Any CPU = Debug|Any CPU
		Release|Any CPU = Release|Any CPU
	EndGlobalSection
	GlobalSection(ProjectConfigurationPlatforms) = postSolution
		{2DD315A7-8B05-41CD-91AE-C786FB8C3374}.Debug|Any CPU.ActiveCfg = Debug|Any CPU
		{2DD315A7-8B05-41CD-91AE-C786FB8C3374}.Debug|Any CPU.Build.0 = Debug|Any CPU
		{2DD315A7-8B05-41CD-91AE-C786FB8C3374}.Release|Any CPU.ActiveCfg = Release|Any CPU
		{2DD315A7-8B05-41CD-91AE-C786FB8C3374}.Release|Any CPU.Build.0 = Release|Any CPU
		{D456FD1A-52D4-4C63-B9E0-11D2BF41548B}.Debug|Any CPU.ActiveCfg = Debug|Any CPU
		{D456FD1A-52D4-4C63-B9E0-11D2BF41548B}.Debug|Any CPU.Build.0 = Debug|Any CPU
		{D456FD1A-52D4-4C63-B9E0-11D2BF41548B}.Release|Any CPU.ActiveCfg = Release|Any CPU
		{D456FD1A-52D4-4C63-B9E0-11D2BF41548B}.Release|Any CPU.Build.0 = Release|Any CPU
		{E05B8059-737B-4EEB-8BE6-350E0B837B30}.Debug|Any CPU.ActiveCfg = Debug|Any CPU
		{E05B8059-737B-4EEB-8BE6-350E0B837B30}.Debug|Any CPU.Build.0 = Debug|Any CPU
		{E05B8059-737B-4EEB-8BE6-350E0B837B30}.Release|Any CPU.ActiveCfg = Release|Any CPU
		{E05B8059-737B-4EEB-8BE6-350E0B837B30}.Release|Any CPU.Build.0 = Release|Any CPU
		{BA2C1BF4-A6DF-4D3D-8A75-02B74467533D}.Debug|Any CPU.ActiveCfg = Debug|Any CPU
		{BA2C1BF4-A6DF-4D3D-8A75-02B74467533D}.Debug|Any CPU.Build.0 = Debug|Any CPU
		{BA2C1BF4-A6DF-4D3D-8A75-02B74467533D}.Release|Any CPU.ActiveCfg = Release|Any CPU
		{BA2C1BF4-A6DF-4D3D-8A75-02B74467533D}.Release|Any CPU.Build.0 = Release|Any CPU
		{861A078E-5F64-48D5-97F1-104E5311B2F7}.Debug|Any CPU.ActiveCfg = Debug|Any CPU
		{861A078E-5F64-48D5-97F1-104E5311B2F7}.Debug|Any CPU.Build.0 = Debug|Any CPU
		{861A078E-5F64-48D5-97F1-104E5311B2F7}.Release|Any CPU.ActiveCfg = Release|Any CPU
		{861A078E-5F64-48D5-97F1-104E5311B2F7}.Release|Any CPU.Build.0 = Release|Any CPU
		{91B95909-99E8-4285-B8F1-D35ECF1DE38B}.Debug|Any CPU.ActiveCfg = Debug|Any CPU
		{91B95909-99E8-4285-B8F1-D35ECF1DE38B}.Debug|Any CPU.Build.0 = Debug|Any CPU
		{91B95909-99E8-4285-B8F1-D35ECF1DE38B}.Release|Any CPU.ActiveCfg = Release|Any CPU
		{91B95909-99E8-4285-B8F1-D35ECF1DE38B}.Release|Any CPU.Build.0 = Release|Any CPU
		{DA95B00B-D98D-46E5-8DEF-56E49137FD1D}.Debug|Any CPU.ActiveCfg = Debug|Any CPU
		{DA95B00B-D98D-46E5-8DEF-56E49137FD1D}.Debug|Any CPU.Build.0 = Debug|Any CPU
		{DA95B00B-D98D-46E5-8DEF-56E49137FD1D}.Release|Any CPU.ActiveCfg = Release|Any CPU
		{DA95B00B-D98D-46E5-8DEF-56E49137FD1D}.Release|Any CPU.Build.0 = Release|Any CPU
		{E848B838-2CE2-4D7D-84BD-E4763B5FAA5F}.Debug|Any CPU.ActiveCfg = Debug|Any CPU
		{E848B838-2CE2-4D7D-84BD-E4763B5FAA5F}.Debug|Any CPU.Build.0 = Debug|Any CPU
		{E848B838-2CE2-4D7D-84BD-E4763B5FAA5F}.Release|Any CPU.ActiveCfg = Release|Any CPU
		{E848B838-2CE2-4D7D-84BD-E4763B5FAA5F}.Release|Any CPU.Build.0 = Release|Any CPU
		{02E483AB-AF79-41BC-84D3-E721C1977291}.Debug|Any CPU.ActiveCfg = Debug|Any CPU
		{02E483AB-AF79-41BC-84D3-E721C1977291}.Debug|Any CPU.Build.0 = Debug|Any CPU
		{02E483AB-AF79-41BC-84D3-E721C1977291}.Release|Any CPU.ActiveCfg = Release|Any CPU
		{02E483AB-AF79-41BC-84D3-E721C1977291}.Release|Any CPU.Build.0 = Release|Any CPU
		{950BD94F-97EA-48F2-89DD-BD96C3DE0BCC}.Debug|Any CPU.ActiveCfg = Debug|Any CPU
		{950BD94F-97EA-48F2-89DD-BD96C3DE0BCC}.Debug|Any CPU.Build.0 = Debug|Any CPU
		{950BD94F-97EA-48F2-89DD-BD96C3DE0BCC}.Release|Any CPU.ActiveCfg = Release|Any CPU
		{950BD94F-97EA-48F2-89DD-BD96C3DE0BCC}.Release|Any CPU.Build.0 = Release|Any CPU
		{5BAE3EC1-58B1-448B-9AF6-5A3F897A9E92}.Debug|Any CPU.ActiveCfg = Debug|Any CPU
		{5BAE3EC1-58B1-448B-9AF6-5A3F897A9E92}.Debug|Any CPU.Build.0 = Debug|Any CPU
		{5BAE3EC1-58B1-448B-9AF6-5A3F897A9E92}.Release|Any CPU.ActiveCfg = Release|Any CPU
		{5BAE3EC1-58B1-448B-9AF6-5A3F897A9E92}.Release|Any CPU.Build.0 = Release|Any CPU
		{FBF6AEA6-F247-4C4B-9D17-FE4474640B34}.Debug|Any CPU.ActiveCfg = Debug|Any CPU
		{FBF6AEA6-F247-4C4B-9D17-FE4474640B34}.Debug|Any CPU.Build.0 = Debug|Any CPU
		{FBF6AEA6-F247-4C4B-9D17-FE4474640B34}.Release|Any CPU.ActiveCfg = Release|Any CPU
		{FBF6AEA6-F247-4C4B-9D17-FE4474640B34}.Release|Any CPU.Build.0 = Release|Any CPU
		{66207ACA-3238-41CC-AEBE-5353325BBB3B}.Debug|Any CPU.ActiveCfg = Debug|Any CPU
		{66207ACA-3238-41CC-AEBE-5353325BBB3B}.Debug|Any CPU.Build.0 = Debug|Any CPU
		{66207ACA-3238-41CC-AEBE-5353325BBB3B}.Release|Any CPU.ActiveCfg = Release|Any CPU
		{66207ACA-3238-41CC-AEBE-5353325BBB3B}.Release|Any CPU.Build.0 = Release|Any CPU
		{AC420E61-2CC6-463D-AFA6-7794FB6DF3C1}.Debug|Any CPU.ActiveCfg = Debug|Any CPU
		{AC420E61-2CC6-463D-AFA6-7794FB6DF3C1}.Debug|Any CPU.Build.0 = Debug|Any CPU
		{AC420E61-2CC6-463D-AFA6-7794FB6DF3C1}.Release|Any CPU.ActiveCfg = Release|Any CPU
		{AC420E61-2CC6-463D-AFA6-7794FB6DF3C1}.Release|Any CPU.Build.0 = Release|Any CPU
		{A862E23F-3EFB-4560-B3E3-E1D5B410B7F8}.Debug|Any CPU.ActiveCfg = Debug|Any CPU
		{A862E23F-3EFB-4560-B3E3-E1D5B410B7F8}.Debug|Any CPU.Build.0 = Debug|Any CPU
		{A862E23F-3EFB-4560-B3E3-E1D5B410B7F8}.Release|Any CPU.ActiveCfg = Release|Any CPU
		{A862E23F-3EFB-4560-B3E3-E1D5B410B7F8}.Release|Any CPU.Build.0 = Release|Any CPU
		{2EF05007-A168-4974-BB06-6AC842E7D2BC}.Debug|Any CPU.ActiveCfg = Debug|Any CPU
		{2EF05007-A168-4974-BB06-6AC842E7D2BC}.Debug|Any CPU.Build.0 = Debug|Any CPU
		{2EF05007-A168-4974-BB06-6AC842E7D2BC}.Release|Any CPU.ActiveCfg = Release|Any CPU
		{2EF05007-A168-4974-BB06-6AC842E7D2BC}.Release|Any CPU.Build.0 = Release|Any CPU
		{1EEC2A6F-6264-47A7-80EA-C2FF49500080}.Debug|Any CPU.ActiveCfg = Debug|Any CPU
		{1EEC2A6F-6264-47A7-80EA-C2FF49500080}.Debug|Any CPU.Build.0 = Debug|Any CPU
		{1EEC2A6F-6264-47A7-80EA-C2FF49500080}.Release|Any CPU.ActiveCfg = Release|Any CPU
		{1EEC2A6F-6264-47A7-80EA-C2FF49500080}.Release|Any CPU.Build.0 = Release|Any CPU
		{FF759E2A-E8BE-45DC-8AB1-018C2E21F426}.Debug|Any CPU.ActiveCfg = Debug|Any CPU
		{FF759E2A-E8BE-45DC-8AB1-018C2E21F426}.Debug|Any CPU.Build.0 = Debug|Any CPU
		{FF759E2A-E8BE-45DC-8AB1-018C2E21F426}.Release|Any CPU.ActiveCfg = Release|Any CPU
		{FF759E2A-E8BE-45DC-8AB1-018C2E21F426}.Release|Any CPU.Build.0 = Release|Any CPU
		{4B6D74CB-0F36-48A1-9CF7-ECED0D8B6C53}.Debug|Any CPU.ActiveCfg = Debug|Any CPU
		{4B6D74CB-0F36-48A1-9CF7-ECED0D8B6C53}.Debug|Any CPU.Build.0 = Debug|Any CPU
		{4B6D74CB-0F36-48A1-9CF7-ECED0D8B6C53}.Release|Any CPU.ActiveCfg = Release|Any CPU
		{4B6D74CB-0F36-48A1-9CF7-ECED0D8B6C53}.Release|Any CPU.Build.0 = Release|Any CPU
		{332D6DC1-7186-485A-9A19-F85815535174}.Debug|Any CPU.ActiveCfg = Debug|Any CPU
		{332D6DC1-7186-485A-9A19-F85815535174}.Debug|Any CPU.Build.0 = Debug|Any CPU
		{332D6DC1-7186-485A-9A19-F85815535174}.Release|Any CPU.ActiveCfg = Release|Any CPU
		{332D6DC1-7186-485A-9A19-F85815535174}.Release|Any CPU.Build.0 = Release|Any CPU
		{F82666D7-2A50-4928-B84C-75B9B5646B02}.Debug|Any CPU.ActiveCfg = Debug|Any CPU
		{F82666D7-2A50-4928-B84C-75B9B5646B02}.Debug|Any CPU.Build.0 = Debug|Any CPU
		{F82666D7-2A50-4928-B84C-75B9B5646B02}.Release|Any CPU.ActiveCfg = Release|Any CPU
		{F82666D7-2A50-4928-B84C-75B9B5646B02}.Release|Any CPU.Build.0 = Release|Any CPU
		{20B6EC6A-A0F6-40DE-AC73-C248B43B739F}.Debug|Any CPU.ActiveCfg = Debug|Any CPU
		{20B6EC6A-A0F6-40DE-AC73-C248B43B739F}.Debug|Any CPU.Build.0 = Debug|Any CPU
		{20B6EC6A-A0F6-40DE-AC73-C248B43B739F}.Release|Any CPU.ActiveCfg = Release|Any CPU
		{20B6EC6A-A0F6-40DE-AC73-C248B43B739F}.Release|Any CPU.Build.0 = Release|Any CPU
		{B42D62E7-43FA-46A5-A262-6FAA33B4675E}.Debug|Any CPU.ActiveCfg = Debug|Any CPU
		{B42D62E7-43FA-46A5-A262-6FAA33B4675E}.Debug|Any CPU.Build.0 = Debug|Any CPU
		{B42D62E7-43FA-46A5-A262-6FAA33B4675E}.Release|Any CPU.ActiveCfg = Release|Any CPU
		{B42D62E7-43FA-46A5-A262-6FAA33B4675E}.Release|Any CPU.Build.0 = Release|Any CPU
		{C24F11CF-B01E-4FDD-AA6E-ECF092519C4A}.Debug|Any CPU.ActiveCfg = Debug|Any CPU
		{C24F11CF-B01E-4FDD-AA6E-ECF092519C4A}.Release|Any CPU.ActiveCfg = Release|Any CPU
		{C24F11CF-B01E-4FDD-AA6E-ECF092519C4A}.Release|Any CPU.Build.0 = Release|Any CPU
		{D54C0AAB-0D7A-49DF-A4D3-242535F7624D}.Debug|Any CPU.ActiveCfg = Debug|Any CPU
		{D54C0AAB-0D7A-49DF-A4D3-242535F7624D}.Debug|Any CPU.Build.0 = Debug|Any CPU
		{D54C0AAB-0D7A-49DF-A4D3-242535F7624D}.Release|Any CPU.ActiveCfg = Release|Any CPU
		{D54C0AAB-0D7A-49DF-A4D3-242535F7624D}.Release|Any CPU.Build.0 = Release|Any CPU
	EndGlobalSection
	GlobalSection(SolutionProperties) = preSolution
		HideSolutionNode = FALSE
	EndGlobalSection
	GlobalSection(NestedProjects) = preSolution
		{6F40662B-3420-4C44-94B5-87978BD36255} = {FF4C73CB-BBF3-4844-A0A3-D1D921F8AF70}
		{36BD8020-E0DB-4B2C-9B4B-CE1369BAD117} = {FF4C73CB-BBF3-4844-A0A3-D1D921F8AF70}
		{5E6E3BC9-D83A-4420-BE27-11809AE781E0} = {FF4C73CB-BBF3-4844-A0A3-D1D921F8AF70}
		{861A078E-5F64-48D5-97F1-104E5311B2F7} = {6F40662B-3420-4C44-94B5-87978BD36255}
		{91B95909-99E8-4285-B8F1-D35ECF1DE38B} = {6F40662B-3420-4C44-94B5-87978BD36255}
		{DA95B00B-D98D-46E5-8DEF-56E49137FD1D} = {36BD8020-E0DB-4B2C-9B4B-CE1369BAD117}
		{E848B838-2CE2-4D7D-84BD-E4763B5FAA5F} = {36BD8020-E0DB-4B2C-9B4B-CE1369BAD117}
		{02E483AB-AF79-41BC-84D3-E721C1977291} = {36BD8020-E0DB-4B2C-9B4B-CE1369BAD117}
		{950BD94F-97EA-48F2-89DD-BD96C3DE0BCC} = {6F40662B-3420-4C44-94B5-87978BD36255}
		{5BAE3EC1-58B1-448B-9AF6-5A3F897A9E92} = {36BD8020-E0DB-4B2C-9B4B-CE1369BAD117}
		{FBF6AEA6-F247-4C4B-9D17-FE4474640B34} = {5E6E3BC9-D83A-4420-BE27-11809AE781E0}
		{66207ACA-3238-41CC-AEBE-5353325BBB3B} = {5E6E3BC9-D83A-4420-BE27-11809AE781E0}
		{AC420E61-2CC6-463D-AFA6-7794FB6DF3C1} = {5E6E3BC9-D83A-4420-BE27-11809AE781E0}
		{A862E23F-3EFB-4560-B3E3-E1D5B410B7F8} = {5E6E3BC9-D83A-4420-BE27-11809AE781E0}
		{FF759E2A-E8BE-45DC-8AB1-018C2E21F426} = {6F40662B-3420-4C44-94B5-87978BD36255}
	EndGlobalSection
	GlobalSection(ExtensibilityGlobals) = postSolution
		SolutionGuid = {406C91D6-126C-49EC-9D56-C0FC33E8A3DB}
	EndGlobalSection
EndGlobal
